
Microsoft Visual Studio Solution File, Format Version 12.00
# Visual Studio 2012
Project("{FAE04EC0-301F-11D3-BF4B-00C04F79EFBC}") = "AppCalculadora", "AppCalculadora\AppCalculadora.csproj", "{3204C385-B138-42AF-87BD-867ECBB03D30}"
EndProject
Global
	GlobalSection(SolutionConfigurationPlatforms) = preSolution
		Debug|Any CPU = Debug|Any CPU
		Release|Any CPU = Release|Any CPU
	EndGlobalSection
	GlobalSection(ProjectConfigurationPlatforms) = postSolution
		{3204C385-B138-42AF-87BD-867ECBB03D30}.Debug|Any CPU.ActiveCfg = Debug|Any CPU
		{3204C385-B138-42AF-87BD-867ECBB03D30}.Debug|Any CPU.Build.0 = Debug|Any CPU
		{3204C385-B138-42AF-87BD-867ECBB03D30}.Release|Any CPU.ActiveCfg = Release|Any CPU
		{3204C385-B138-42AF-87BD-867ECBB03D30}.Release|Any CPU.Build.0 = Release|Any CPU
	EndGlobalSection
	GlobalSection(SolutionProperties) = preSolution
		HideSolutionNode = FALSE
	EndGlobalSection
EndGlobal
